# Conformance fixture hash lock (Gap G7).
#
# Canonical-JSON SHA-256 of every sdk/python/tests/conformance/*.json
# fixture and public tests/conformance/vectors/**/*.json fixture.
# Fixtures are the cross-SDK contract — TS replays them byte-for-byte.
# Recompute with:
#   ./scripts/check-fixture-hashes.sh --update
# Verify with:
#   ./scripts/check-fixture-hashes.sh
#
# Editing a fixture is a deliberate cross-SDK conformance event. The PR
# must bump the affected fixture's $schema_version (and the matching
# generator if one exists), and update this lock in the same commit.
#
# Format: <sha256>  <filename>
#

7cbadd5401187ca1b70bdb92b965771799c1aafbaea33f05254a8260a7646beb  anchor_vectors.json
e04d96dcc9f6c2c120905f6ab159388b4262502530494e1ffe53b31d685bf47a  lease_lifecycle_event_vectors.json
57307a673ac66d93902e5a82db5f9ea2d21ce59e296278c014704aec1e50b8cd  policy_check_event_vectors.json
7d763177f95058ac8591105690d708b9addb4e5634255e9ae5368c8af4d09dc7  proof_bundle_minimum_schema_negative_vectors.json
d8d3c7eecfb42cdad1b8f7da9e1f998cb6e19ec3a254b2e591ca2d2f130220f5  proof_bundle_policy_trace_vectors.json
0d351a37903617b5fe2ae36c5b708098f6b46c417342deb445882ce408fff0cc  reason_codes_vectors.json
f9ee38db463a8d1062b102f0fc19ea8f545c9086051d97196b54142dd2ba7db0  replay_event_vectors.json
d75fa04546ddb943e8168ce1fba3a21e994b82948933dbe154fc331cdda0cfe9  settlement_precondition_vectors.json
f89fb4acecfc58f0de5163f889a3c8047d0e13f4b239cc902d77db12f3f16592  signature_vectors.json
4a6bbdad4c8d02fcf1d0b182c9d3b7f82020caed965553c4b47759cbf6ee74a0  text_vectors.json
32d0e9d00e08bcac299ebf07ab04861fbb2a11af975fe0b498607bda8a3b8d3a  vectors.json
e02ea75f6bfbd8baa21008598c9f18962aa128fe8352915cc411260005e6a800  verifier_conformance_vectors.json
a71f7fe195c9439c92dc7d2ff15df7d67b7656f628eda19137988aef864eb8ae  verify_json_contract_v1.json
80646a0239f736c23369ce8be7cd964d3b3a61de1142a35ff94d93a6884f5899  tests/conformance/vectors/canonicalization/negative/bom-trailing-bytes-raw.json
28a49dbb24a7f7d3b0be5c878a11a2d2bcd16ad7accaa6a3672ec45d6c438e03  tests/conformance/vectors/canonicalization/negative/duplicate-json-keys-raw.json
024dadd21be7c5cdd7b2bad068f4f328adc6bc75b90ea6a931b1fce264255eb6  tests/conformance/vectors/canonicalization/negative/int64-overflow-timestamp-payload.json
5683aebc715c729a81cd27bf66a76fc7ba206852a4314c82a8ee3de9ca06cf43  tests/conformance/vectors/canonicalization/negative/nfd-payload-string.json
79929a7ff74fd5fd77d5a7ebc37eed87a9f6d8a3a63c48b898ca1de91a8274ac  tests/conformance/vectors/canonicalization/negative/v1/duplicate-json-keys.json
070e0749b5479cc261e6dd26e980683f5da9f4321bcc78894e04254c1074609a  tests/conformance/vectors/canonicalization/negative/v1/embedded-nul-string.json
ba62f18baec3d9250ff5de47672dd88c0889d150c7c129b32030533f4355e3b8  tests/conformance/vectors/canonicalization/negative/v1/invalid-surrogate-pair-string.json
ac2cfb90bf0808d44b15803ea3bc596ab1aee44e497ff9c4fe1f301a7293d9d8  tests/conformance/vectors/canonicalization/negative/v1/leading-zero-number.json
dafa5807d0fd61341e3b4cc5b718d9002c7f3f117e6b4093f9e9db02675ddb3c  tests/conformance/vectors/canonicalization/negative/v1/non-minimal-number.json
70c91fb51a16af285249d723c8b4b44502fd981c5e40cd110e3e508fa38491b7  tests/conformance/vectors/canonicalization/negative/v1/non-nfc-string.json
af873a8349d965d30b0ab77710338090f3d3979417d284e38f29258d0c3fb348  tests/conformance/vectors/canonicalization/negative/v1/non-sorted-object-keys.json
7935f935840d61f9b798a56a32ca3f4523b23232b4f3a60b7c4ae18581e1fe63  tests/conformance/vectors/canonicalization/negative/v1/schema-version-mismatch.json
3928181a98c72b68a00081f06777f8d7405311d8a9852397ce1c4e0ca101df6c  tests/conformance/vectors/canonicalization/negative/v1/trailing-whitespace.json
17ab0b490c8d5fc3a23dae1f1f59ba6b1406c39f24c55107fd001effa6f392cb  tests/conformance/vectors/canonicalization/positive/canonical-json-no-bom-trailing.json
408212bd89138a723bfa2c6a58d03dc467124c870f929622fa7a48cce93b5f49  tests/conformance/vectors/canonicalization/positive/duplicate-json-keys-helper-control.json
cf9b2aa9d4cd8617a7f0f9c5489fa775001c0c29b84da634933f39da87bb6de5  tests/conformance/vectors/canonicalization/positive/int64-boundary-timestamp-payload.json
57f7733aa7d903faefc7e831bed8ce5ebe2ea9a4de18be250a340ce3ad170d5f  tests/conformance/vectors/canonicalization/positive/nfc-payload-string.json
957da655ef230727adc1e4efa769651275ab6404e10331c5adbaed2d82845e60  tests/conformance/vectors/negative/attestation-missing-signature.json
bb8fdbb706f6290037c225b96dfee04a7ad172fe75c171187c5e70deb6f61e6d  tests/conformance/vectors/negative/attestation-missing-subject-digest.json
a51389339ada20722776127636e0ffcc6027844791413251b2a34de8f739a8a2  tests/conformance/vectors/negative/attestations-array-empty.json
28854818d8243a5a6f7860573d385f44d92e9920930962719700fc57a526621f  tests/conformance/vectors/negative/empty-bundle.json
