# AP-EVD/1.0 schema hash lock
#
# Canonical-JSON SHA-256 of every v1 *.schema.json under schemas/v1/.
# Recompute with: ./scripts/check-schema-hashes.sh --update
# Verify with:    ./scripts/check-schema-hashes.sh
#
# Format: <sha256>  <filename>
# Bumping a hash here is a deliberate ADR-0014 v2 §9 protocol decision:
# semantic edits MUST also bump the affected file's $schema_version /
# anchor_schema_version / signature_schema_version (whichever applies).
# Pure-formatting edits leave the canonical JSON unchanged and do not
# bump anything — the gate is canonical-form aware on purpose.
#
db9ef4e2b1cc1bf882ccaa36921cc140c3a58bfc72d41731f64aa0450123bbb8  auditor_export.schema.json
243d2bd0bd6dce8a67fffd8221caadab9f56718af32558207be6f08e059ba9bf  forbidden_fields_v1.schema.json
37004b0195fe6d8acd5bf899f4508c2c5f0f7ea66e4c949291e7096e13e835a0  governance_ingestion.schema.json
5c6047defce602e133bd9b6332b936c907279a18d3c343fbe89b6702cc02317e  lease_lifecycle_event.schema.json
94ebb280ee7248de59e385b2a61cd112d19e06515a1bbad65f7a8e3926b76d81  policy_check_event.schema.json
3461d78d80e266c30f67795499cfd5f053ed306d8bf0ba9d418fd17e472d17a8  proof_bundle.schema.json
6f81c036870d0bba22561a32a188c975efca725d96a61e4b6841deb598340b02  replay_event.schema.json
c80ba0129a35cb103890b2cb8b78c8ea01adf289c88d72b6828ac9121723a151  settlement_precondition_claim.schema.json
